
Microsoft Visual Studio Solution File, Format Version 12.00
# Visual Studio 2013
VisualStudioVersion = 12.0.31101.0
MinimumVisualStudioVersion = 10.0.40219.1
Project("{FAE04EC0-301F-11D3-BF4B-00C04F79EFBC}") = "Lubala", "Lubala\Lubala.csproj", "{1156CD1E-16E5-4FDC-9CD8-D1E3C2C83801}"
EndProject
Project("{2150E333-8FDC-42A3-9474-1A3956D46DE8}") = "Samples", "Samples", "{1635D95B-DE19-40A2-998F-34856D028DC2}"
EndProject
Project("{FAE04EC0-301F-11D3-BF4B-00C04F79EFBC}") = "Lubala.Samples.Mvc", "samples\Lubala.Samples.Mvc\Lubala.Samples.Mvc.csproj", "{18D4B9D6-1665-47B7-B49A-0E0134C6678F}"
EndProject
Project("{FAE04EC0-301F-11D3-BF4B-00C04F79EFBC}") = "Lubala.Samples.SelfHost", "Lubala.Samples.SelfHost\Lubala.Samples.SelfHost.csproj", "{6F48BB86-2C91-4292-858E-309898C551AD}"
EndProject
Global
	GlobalSection(SolutionConfigurationPlatforms) = preSolution
		Debug|Any CPU = Debug|Any CPU
		Release|Any CPU = Release|Any CPU
	EndGlobalSection
	GlobalSection(ProjectConfigurationPlatforms) = postSolution
		{1156CD1E-16E5-4FDC-9CD8-D1E3C2C83801}.Debug|Any CPU.ActiveCfg = Debug|Any CPU
		{1156CD1E-16E5-4FDC-9CD8-D1E3C2C83801}.Debug|Any CPU.Build.0 = Debug|Any CPU
		{1156CD1E-16E5-4FDC-9CD8-D1E3C2C83801}.Release|Any CPU.ActiveCfg = Release|Any CPU
		{1156CD1E-16E5-4FDC-9CD8-D1E3C2C83801}.Release|Any CPU.Build.0 = Release|Any CPU
		{18D4B9D6-1665-47B7-B49A-0E0134C6678F}.Debug|Any CPU.ActiveCfg = Debug|Any CPU
		{18D4B9D6-1665-47B7-B49A-0E0134C6678F}.Debug|Any CPU.Build.0 = Debug|Any CPU
		{18D4B9D6-1665-47B7-B49A-0E0134C6678F}.Release|Any CPU.ActiveCfg = Release|Any CPU
		{18D4B9D6-1665-47B7-B49A-0E0134C6678F}.Release|Any CPU.Build.0 = Release|Any CPU
		{6F48BB86-2C91-4292-858E-309898C551AD}.Debug|Any CPU.ActiveCfg = Debug|Any CPU
		{6F48BB86-2C91-4292-858E-309898C551AD}.Debug|Any CPU.Build.0 = Debug|Any CPU
		{6F48BB86-2C91-4292-858E-309898C551AD}.Release|Any CPU.ActiveCfg = Release|Any CPU
		{6F48BB86-2C91-4292-858E-309898C551AD}.Release|Any CPU.Build.0 = Release|Any CPU
	EndGlobalSection
	GlobalSection(SolutionProperties) = preSolution
		HideSolutionNode = FALSE
	EndGlobalSection
	GlobalSection(NestedProjects) = preSolution
		{18D4B9D6-1665-47B7-B49A-0E0134C6678F} = {1635D95B-DE19-40A2-998F-34856D028DC2}
		{6F48BB86-2C91-4292-858E-309898C551AD} = {1635D95B-DE19-40A2-998F-34856D028DC2}
	EndGlobalSection
EndGlobal
