
Microsoft Visual Studio Solution File, Format Version 12.00
# Visual Studio 2012
VisualStudioVersion = 12.0.31101.0
MinimumVisualStudioVersion = 10.0.40219.1
Project("{2150E333-8FDC-42A3-9474-1A3956D46DE8}") = ".nuget", ".nuget", "{D5EC1F00-0FA4-4A8B-8678-BE166409E841}"
EndProject
Project("{f2a71f9b-5d33-465a-a702-920d77279786}") = "Lubala", "Lubala\Lubala.fsproj", "{32495D61-D7FD-4CC0-90D6-D336E89537DF}"
EndProject
Global
	GlobalSection(SolutionConfigurationPlatforms) = preSolution
		Debug|Any CPU = Debug|Any CPU
		Release|Any CPU = Release|Any CPU
	EndGlobalSection
	GlobalSection(ProjectConfigurationPlatforms) = postSolution
		{32495D61-D7FD-4CC0-90D6-D336E89537DF}.Debug|Any CPU.ActiveCfg = Debug|Any CPU
		{32495D61-D7FD-4CC0-90D6-D336E89537DF}.Debug|Any CPU.Build.0 = Debug|Any CPU
		{32495D61-D7FD-4CC0-90D6-D336E89537DF}.Release|Any CPU.ActiveCfg = Release|Any CPU
		{32495D61-D7FD-4CC0-90D6-D336E89537DF}.Release|Any CPU.Build.0 = Release|Any CPU
	EndGlobalSection
	GlobalSection(NestedProjects) = preSolution
	EndGlobalSection
	GlobalSection(SolutionProperties) = preSolution
		HideSolutionNode = FALSE
	EndGlobalSection
EndGlobal
